
Microsoft Visual Studio Solution File, Format Version 12.00
# Visual Studio Version 16
VisualStudioVersion = 16.0.30523.141
MinimumVisualStudioVersion = 10.0.40219.1
Project("{FAE04EC0-301F-11D3-BF4B-00C04F79EFBC}") = "SUNTDLite", "SUNTDLite\SUNTDLite.csproj", "{6BB8018A-5545-4F19-BE6F-9800972EE91E}"
EndProject
Project("{FAE04EC0-301F-11D3-BF4B-00C04F79EFBC}") = "SoapService", "SoapService\SoapService.csproj", "{1EA70BAD-EE67-4990-9231-5B1413CC96DF}"
EndProject
Global
	GlobalSection(SolutionConfigurationPlatforms) = preSolution
		Debug|Any CPU = Debug|Any CPU
		Release|Any CPU = Release|Any CPU
	EndGlobalSection
	GlobalSection(ProjectConfigurationPlatforms) = postSolution
		{6BB8018A-5545-4F19-BE6F-9800972EE91E}.Debug|Any CPU.ActiveCfg = Debug|Any CPU
		{6BB8018A-5545-4F19-BE6F-9800972EE91E}.Debug|Any CPU.Build.0 = Debug|Any CPU
		{6BB8018A-5545-4F19-BE6F-9800972EE91E}.Release|Any CPU.ActiveCfg = Release|Any CPU
		{6BB8018A-5545-4F19-BE6F-9800972EE91E}.Release|Any CPU.Build.0 = Release|Any CPU
		{1EA70BAD-EE67-4990-9231-5B1413CC96DF}.Debug|Any CPU.ActiveCfg = Debug|Any CPU
		{1EA70BAD-EE67-4990-9231-5B1413CC96DF}.Debug|Any CPU.Build.0 = Debug|Any CPU
		{1EA70BAD-EE67-4990-9231-5B1413CC96DF}.Release|Any CPU.ActiveCfg = Release|Any CPU
		{1EA70BAD-EE67-4990-9231-5B1413CC96DF}.Release|Any CPU.Build.0 = Release|Any CPU
	EndGlobalSection
	GlobalSection(SolutionProperties) = preSolution
		HideSolutionNode = FALSE
	EndGlobalSection
	GlobalSection(ExtensibilityGlobals) = postSolution
		SolutionGuid = {056478FF-2B9D-4633-859F-FEFF9310274E}
	EndGlobalSection
EndGlobal
